// !$*UTF8*$!
{
	archiveVersion = 1;
	classes = {
	};
	objectVersion = 56;
	objects = {

/* Begin PBXBuildFile section */
		BD6AA90F2A5F55E700617938 /* Trying_SlackApp.swift in Sources */ = {isa = PBXBuildFile; fileRef = BD6AA90E2A5F55E700617938 /* Trying_SlackApp.swift */; };
		BD6AA9112A5F55E700617938 /* ContentView.swift in Sources */ = {isa = PBXBuildFile; fileRef = BD6AA9102A5F55E700617938 /* ContentView.swift */; };
		BD6AA9132A5F55E800617938 /* Assets.xcassets in Resources */ = {isa = PBXBuildFile; fileRef = BD6AA9122A5F55E800617938 /* Assets.xcassets */; };
		BD6AA9162A5F55E800617938 /* Preview Assets.xcassets in Resources */ = {isa = PBXBuildFile; fileRef = BD6AA9152A5F55E800617938 /* Preview Assets.xcassets */; };
		BD6AA9202A5F55E800617938 /* Trying_SlackTests.swift in Sources */ = {isa = PBXBuildFile; fileRef = BD6AA91F2A5F55E800617938 /* Trying_SlackTests.swift */; };
		BD6AA92A2A5F55E800617938 /* Trying_SlackUITests.swift in Sources */ = {isa = PBXBuildFile; fileRef = BD6AA9292A5F55E800617938 /* Trying_SlackUITests.swift */; };
		BD6AA92C2A5F55E800617938 /* Trying_SlackUITestsLaunchTests.swift in Sources */ = {isa = PBXBuildFile; fileRef = BD6AA92B2A5F55E800617938 /* Trying_SlackUITestsLaunchTests.swift */; };
/* End PBXBuildFile section */

/* Begin PBXContainerItemProxy section */
		BD6AA91C2A5F55E800617938 /* PBXContainerItemProxy */ = {
			isa = PBXContainerItemProxy;
			containerPortal = BD6AA9032A5F55E700617938 /* Project object */;
			proxyType = 1;
			remoteGlobalIDString = BD6AA90A2A5F55E700617938;
			remoteInfo = "Trying Slack";
		};
		BD6AA9262A5F55E800617938 /* PBXContainerItemProxy */ = {
			isa = PBXContainerItemProxy;
			containerPortal = BD6AA9032A5F55E700617938 /* Project object */;
			proxyType = 1;
			remoteGlobalIDString = BD6AA90A2A5F55E700617938;
			remoteInfo = "Trying Slack";
		};
/* End PBXContainerItemProxy section */

/* Begin PBXFileReference section */
		BD6AA90B2A5F55E700617938 /* Trying Slack.app */ = {isa = PBXFileReference; explicitFileType = wrapper.application; includeInIndex = 0; path = "Trying Slack.app"; sourceTree = BUILT_PRODUCTS_DIR; };
		BD6AA90E2A5F55E700617938 /* Trying_SlackApp.swift */ = {isa = PBXFileReference; lastKnownFileType = sourcecode.swift; path = Trying_SlackApp.swift; sourceTree = "<group>"; };
		BD6AA9102A5F55E700617938 /* ContentView.swift */ = {isa = PBXFileReference; lastKnownFileType = sourcecode.swift; path = ContentView.swift; sourceTree = "<group>"; };
		BD6AA9122A5F55E800617938 /* Assets.xcassets */ = {isa = PBXFileReference; lastKnownFileType = folder.assetcatalog; path = Assets.xcassets; sourceTree = "<group>"; };
		BD6AA9152A5F55E800617938 /* Preview Assets.xcassets */ = {isa = PBXFileReference; lastKnownFileType = folder.assetcatalog; path = "Preview Assets.xcassets"; sourceTree = "<group>"; };
		BD6AA91B2A5F55E800617938 /* Trying SlackTests.xctest */ = {isa = PBXFileReference; explicitFileType = wrapper.cfbundle; includeInIndex = 0; path = "Trying SlackTests.xctest"; sourceTree = BUILT_PRODUCTS_DIR; };
		BD6AA91F2A5F55E800617938 /* Trying_SlackTests.swift */ = {isa = PBXFileReference; lastKnownFileType = sourcecode.swift; path = Trying_SlackTests.swift; sourceTree = "<group>"; };
		BD6AA9252A5F55E800617938 /* Trying SlackUITests.xctest */ = {isa = PBXFileReference; explicitFileType = wrapper.cfbundle; includeInIndex = 0; path = "Trying SlackUITests.xctest"; sourceTree = BUILT_PRODUCTS_DIR; };
		BD6AA9292A5F55E800617938 /* Trying_SlackUITests.swift */ = {isa = PBXFileReference; lastKnownFileType = sourcecode.swift; path = Trying_SlackUITests.swift; sourceTree = "<group>"; };
		BD6AA92B2A5F55E800617938 /* Trying_SlackUITestsLaunchTests.swift */ = {isa = PBXFileReference; lastKnownFileType = sourcecode.swift; path = Trying_SlackUITestsLaunchTests.swift; sourceTree = "<group>"; };
/* End PBXFileReference section */

/* Begin PBXFrameworksBuildPhase section */
		BD6AA9082A5F55E700617938 /* Frameworks */ = {
			isa = PBXFrameworksBuildPhase;
			buildActionMask = 2147483647;
			files = (
			);
			runOnlyForDeploymentPostprocessing = 0;
		};
		BD6AA9182A5F55E800617938 /* Frameworks */ = {
			isa = PBXFrameworksBuildPhase;
			buildActionMask = 2147483647;
			files = (
			);
			runOnlyForDeploymentPostprocessing = 0;
		};
		BD6AA9222A5F55E800617938 /* Frameworks */ = {
			isa = PBXFrameworksBuildPhase;
			buildActionMask = 2147483647;
			files = (
			);
			runOnlyForDeploymentPostprocessing = 0;
		};
/* End PBXFrameworksBuildPhase section */

/* Begin PBXGroup section */
		BD6AA9022A5F55E700617938 = {
			isa = PBXGroup;
			children = (
				BD6AA90D2A5F55E700617938 /* Trying Slack */,
				BD6AA91E2A5F55E800617938 /* Trying SlackTests */,
				BD6AA9282A5F55E800617938 /* Trying SlackUITests */,
				BD6AA90C2A5F55E700617938 /* Products */,
			);
			sourceTree = "<group>";
		};
		BD6AA90C2A5F55E700617938 /* Products */ = {
			isa = PBXGroup;
			children = (
				BD6AA90B2A5F55E700617938 /* Trying Slack.app */,
				BD6AA91B2A5F55E800617938 /* Trying SlackTests.xctest */,
				BD6AA9252A5F55E800617938 /* Trying SlackUITests.xctest */,
			);
			name = Products;
			sourceTree = "<group>";
		};
		BD6AA90D2A5F55E700617938 /* Trying Slack */ = {
			isa = PBXGroup;
			children = (
				BD6AA90E2A5F55E700617938 /* Trying_SlackApp.swift */,
				BD6AA9102A5F55E700617938 /* ContentView.swift */,
				BD6AA9122A5F55E800617938 /* Assets.xcassets */,
				BD6AA9142A5F55E800617938 /* Preview Content */,
			);
			path = "Trying Slack";
			sourceTree = "<group>";
		};
		BD6AA9142A5F55E800617938 /* Preview Content */ = {
			isa = PBXGroup;
			children = (
				BD6AA9152A5F55E800617938 /* Preview Assets.xcassets */,
			);
			path = "Preview Content";
			sourceTree = "<group>";
		};
		BD6AA91E2A5F55E800617938 /* Trying SlackTests */ = {
			isa = PBXGroup;
			children = (
				BD6AA91F2A5F55E800617938 /* Trying_SlackTests.swift */,
			);
			path = "Trying SlackTests";
			sourceTree = "<group>";
		};
		BD6AA9282A5F55E800617938 /* Trying SlackUITests */ = {
			isa = PBXGroup;
			children = (
				BD6AA9292A5F55E800617938 /* Trying_SlackUITests.swift */,
				BD6AA92B2A5F55E800617938 /* Trying_SlackUITestsLaunchTests.swift */,
			);
			path = "Trying SlackUITests";
			sourceTree = "<group>";
		};
/* End PBXGroup section */

/* Begin PBXNativeTarget section */
		BD6AA90A2A5F55E700617938 /* Trying Slack */ = {
			isa = PBXNativeTarget;
			buildConfigurationList = BD6AA92F2A5F55E800617938 /* Build configuration list for PBXNativeTarget "Trying Slack" */;
			buildPhases = (
				BD6AA9072A5F55E700617938 /* Sources */,
				BD6AA9082A5F55E700617938 /* Frameworks */,
				BD6AA9092A5F55E700617938 /* Resources */,
			);
			buildRules = (
			);
			dependencies = (
			);
			name = "Trying Slack";
			productName = "Trying Slack";
			productReference = BD6AA90B2A5F55E700617938 /* Trying Slack.app */;
			productType = "com.apple.product-type.application";
		};
		BD6AA91A2A5F55E800617938 /* Trying SlackTests */ = {
			isa = PBXNativeTarget;
			buildConfigurationList = BD6AA9322A5F55E800617938 /* Build configuration list for PBXNativeTarget "Trying SlackTests" */;
			buildPhases = (
				BD6AA9172A5F55E800617938 /* Sources */,
				BD6AA9182A5F55E800617938 /* Frameworks */,
				BD6AA9192A5F55E800617938 /* Resources */,
			);
			buildRules = (
			);
			dependencies = (
				BD6AA91D2A5F55E800617938 /* PBXTargetDependency */,
			);
			name = "Trying SlackTests";
			productName = "Trying SlackTests";
			productReference = BD6AA91B2A5F55E800617938 /* Trying SlackTests.xctest */;
			productType = "com.apple.product-type.bundle.unit-test";
		};
		BD6AA9242A5F55E800617938 /* Trying SlackUITests */ = {
			isa = PBXNativeTarget;
			buildConfigurationList = BD6AA9352A5F55E800617938 /* Build configuration list for PBXNativeTarget "Trying SlackUITests" */;
			buildPhases = (
				BD6AA9212A5F55E800617938 /* Sources */,
				BD6AA9222A5F55E800617938 /* Frameworks */,
				BD6AA9232A5F55E800617938 /* Resources */,
			);
			buildRules = (
			);
			dependencies = (
				BD6AA9272A5F55E800617938 /* PBXTargetDependency */,
			);
			name = "Trying SlackUITests";
			productName = "Trying SlackUITests";
			productReference = BD6AA9252A5F55E800617938 /* Trying SlackUITests.xctest */;
			productType = "com.apple.product-type.bundle.ui-testing";
		};
/* End PBXNativeTarget section */

/* Begin PBXProject section */
		BD6AA9032A5F55E700617938 /* Project object */ = {
			isa = PBXProject;
			attributes = {
				BuildIndependentTargetsInParallel = 1;
				LastSwiftUpdateCheck = 1430;
				LastUpgradeCheck = 1430;
				TargetAttributes = {
					BD6AA90A2A5F55E700617938 = {
						CreatedOnToolsVersion = 14.3.1;
					};
					BD6AA91A2A5F55E800617938 = {
						CreatedOnToolsVersion = 14.3.1;
						TestTargetID = BD6AA90A2A5F55E700617938;
					};
					BD6AA9242A5F55E800617938 = {
						CreatedOnToolsVersion = 14.3.1;
						TestTargetID = BD6AA90A2A5F55E700617938;
					};
				};
			};
			buildConfigurationList = BD6AA9062A5F55E700617938 /* Build configuration list for PBXProject "Trying Slack" */;
			compatibilityVersion = "Xcode 14.0";
			developmentRegion = en;
			hasScannedForEncodings = 0;
			knownRegions = (
				en,
				Base,
			);
			mainGroup = BD6AA9022A5F55E700617938;
			productRefGroup = BD6AA90C2A5F55E700617938 /* Products */;
			projectDirPath = "";
			projectRoot = "";
			targets = (
				BD6AA90A2A5F55E700617938 /* Trying Slack */,
				BD6AA91A2A5F55E800617938 /* Trying SlackTests */,
				BD6AA9242A5F55E800617938 /* Trying SlackUITests */,
			);
		};
/* End PBXProject section */

/* Begin PBXResourcesBuildPhase section */
		BD6AA9092A5F55E700617938 /* Resources */ = {
			isa = PBXResourcesBuildPhase;
			buildActionMask = 2147483647;
			files = (
				BD6AA9162A5F55E800617938 /* Preview Assets.xcassets in Resources */,
				BD6AA9132A5F55E800617938 /* Assets.xcassets in Resources */,
			);
			runOnlyForDeploymentPostprocessing = 0;
		};
		BD6AA9192A5F55E800617938 /* Resources */ = {
			isa = PBXResourcesBuildPhase;
			buildActionMask = 2147483647;
			files = (
			);
			runOnlyForDeploymentPostprocessing = 0;
		};
		BD6AA9232A5F55E800617938 /* Resources */ = {
			isa = PBXResourcesBuildPhase;
			buildActionMask = 2147483647;
			files = (
			);
			runOnlyForDeploymentPostprocessing = 0;
		};
/* End PBXResourcesBuildPhase section */

/* Begin PBXSourcesBuildPhase section */
		BD6AA9072A5F55E700617938 /* Sources */ = {
			isa = PBXSourcesBuildPhase;
			buildActionMask = 2147483647;
			files = (
				BD6AA9112A5F55E700617938 /* ContentView.swift in Sources */,
				BD6AA90F2A5F55E700617938 /* Trying_SlackApp.swift in Sources */,
			);
			runOnlyForDeploymentPostprocessing = 0;
		};
		BD6AA9172A5F55E800617938 /* Sources */ = {
			isa = PBXSourcesBuildPhase;
			buildActionMask = 2147483647;
			files = (
				BD6AA9202A5F55E800617938 /* Trying_SlackTests.swift in Sources */,
			);
			runOnlyForDeploymentPostprocessing = 0;
		};
		BD6AA9212A5F55E800617938 /* Sources */ = {
			isa = PBXSourcesBuildPhase;
			buildActionMask = 2147483647;
			files = (
				BD6AA92C2A5F55E800617938 /* Trying_SlackUITestsLaunchTests.swift in Sources */,
				BD6AA92A2A5F55E800617938 /* Trying_SlackUITests.swift in Sources */,
			);
			runOnlyForDeploymentPostprocessing = 0;
		};
/* End PBXSourcesBuildPhase section */

/* Begin PBXTargetDependency section */
		BD6AA91D2A5F55E800617938 /* PBXTargetDependency */ = {
			isa = PBXTargetDependency;
			target = BD6AA90A2A5F55E700617938 /* Trying Slack */;
			targetProxy = BD6AA91C2A5F55E800617938 /* PBXContainerItemProxy */;
		};
		BD6AA9272A5F55E800617938 /* PBXTargetDependency */ = {
			isa = PBXTargetDependency;
			target = BD6AA90A2A5F55E700617938 /* Trying Slack */;
			targetProxy = BD6AA9262A5F55E800617938 /* PBXContainerItemProxy */;
		};
/* End PBXTargetDependency section */

/* Begin XCBuildConfiguration section */
		BD6AA92D2A5F55E800617938 /* Debug */ = {
			isa = XCBuildConfiguration;
			buildSettings = {
				ALWAYS_SEARCH_USER_PATHS = NO;
				CLANG_ANALYZER_NONNULL = YES;
				CLANG_ANALYZER_NUMBER_OBJECT_CONVERSION = YES_AGGRESSIVE;
				CLANG_CXX_LANGUAGE_STANDARD = "gnu++20";
				CLANG_ENABLE_MODULES = YES;
				CLANG_ENABLE_OBJC_ARC = YES;
				CLANG_ENABLE_OBJC_WEAK = YES;
				CLANG_WARN_BLOCK_CAPTURE_AUTORELEASING = YES;
				CLANG_WARN_BOOL_CONVERSION = YES;
				CLANG_WARN_COMMA = YES;
				CLANG_WARN_CONSTANT_CONVERSION = YES;
				CLANG_WARN_DEPRECATED_OBJC_IMPLEMENTATIONS = YES;
				CLANG_WARN_DIRECT_OBJC_ISA_USAGE = YES_ERROR;
				CLANG_WARN_DOCUMENTATION_COMMENTS = YES;
				CLANG_WARN_EMPTY_BODY = YES;
				CLANG_WARN_ENUM_CONVERSION = YES;
				CLANG_WARN_INFINITE_RECURSION = YES;
				CLANG_WARN_INT_CONVERSION = YES;
				CLANG_WARN_NON_LITERAL_NULL_CONVERSION = YES;
				CLANG_WARN_OBJC_IMPLICIT_RETAIN_SELF = YES;
				CLANG_WARN_OBJC_LITERAL_CONVERSION = YES;
				CLANG_WARN_OBJC_ROOT_CLASS = YES_ERROR;
				CLANG_WARN_QUOTED_INCLUDE_IN_FRAMEWORK_HEADER = YES;
				CLANG_WARN_RANGE_LOOP_ANALYSIS = YES;
				CLANG_WARN_STRICT_PROTOTYPES = YES;
				CLANG_WARN_SUSPICIOUS_MOVE = YES;
				CLANG_WARN_UNGUARDED_AVAILABILITY = YES_AGGRESSIVE;
				CLANG_WARN_UNREACHABLE_CODE = YES;
				CLANG_WARN__DUPLICATE_METHOD_MATCH = YES;
				COPY_PHASE_STRIP = NO;
				DEBUG_INFORMATION_FORMAT = dwarf;
				ENABLE_STRICT_OBJC_MSGSEND = YES;
				ENABLE_TESTABILITY = YES;
				GCC_C_LANGUAGE_STANDARD = gnu11;
				GCC_DYNAMIC_NO_PIC = NO;
				GCC_NO_COMMON_BLOCKS = YES;
				GCC_OPTIMIZATION_LEVEL = 0;
				GCC_PREPROCESSOR_DEFINITIONS = (
					"DEBUG=1",
					"$(inherited)",
				);
				GCC_WARN_64_TO_32_BIT_CONVERSION = YES;
				GCC_WARN_ABOUT_RETURN_TYPE = YES_ERROR;
				GCC_WARN_UNDECLARED_SELECTOR = YES;
				GCC_WARN_UNINITIALIZED_AUTOS = YES_AGGRESSIVE;
				GCC_WARN_UNUSED_FUNCTION = YES;
				GCC_WARN_UNUSED_VARIABLE = YES;
				IPHONEOS_DEPLOYMENT_TARGET = 16.4;
				MTL_ENABLE_DEBUG_INFO = INCLUDE_SOURCE;
				MTL_FAST_MATH = YES;
				ONLY_ACTIVE_ARCH = YES;
				SDKROOT = iphoneos;
				SWIFT_ACTIVE_COMPILATION_CONDITIONS = DEBUG;
				SWIFT_OPTIMIZATION_LEVEL = "-Onone";
			};
			name = Debug;
		};
		BD6AA92E2A5F55E800617938 /* Release */ = {
			isa = XCBuildConfiguration;
			buildSettings = {
				ALWAYS_SEARCH_USER_PATHS = NO;
				CLANG_ANALYZER_NONNULL = YES;
				CLANG_ANALYZER_NUMBER_OBJECT_CONVERSION = YES_AGGRESSIVE;
				CLANG_CXX_LANGUAGE_STANDARD = "gnu++20";
				CLANG_ENABLE_MODULES = YES;
				CLANG_ENABLE_OBJC_ARC = YES;
				CLANG_ENABLE_OBJC_WEAK = YES;
				CLANG_WARN_BLOCK_CAPTURE_AUTORELEASING = YES;
				CLANG_WARN_BOOL_CONVERSION = YES;
				CLANG_WARN_COMMA = YES;
				CLANG_WARN_CONSTANT_CONVERSION = YES;
				CLANG_WARN_DEPRECATED_OBJC_IMPLEMENTATIONS = YES;
				CLANG_WARN_DIRECT_OBJC_ISA_USAGE = YES_ERROR;
				CLANG_WARN_DOCUMENTATION_COMMENTS = YES;
				CLANG_WARN_EMPTY_BODY = YES;
				CLANG_WARN_ENUM_CONVERSION = YES;
				CLANG_WARN_INFINITE_RECURSION = YES;
				CLANG_WARN_INT_CONVERSION = YES;
				CLANG_WARN_NON_LITERAL_NULL_CONVERSION = YES;
				CLANG_WARN_OBJC_IMPLICIT_RETAIN_SELF = YES;
				CLANG_WARN_OBJC_LITERAL_CONVERSION = YES;
				CLANG_WARN_OBJC_ROOT_CLASS = YES_ERROR;
				CLANG_WARN_QUOTED_INCLUDE_IN_FRAMEWORK_HEADER = YES;
				CLANG_WARN_RANGE_LOOP_ANALYSIS = YES;
				CLANG_WARN_STRICT_PROTOTYPES = YES;
				CLANG_WARN_SUSPICIOUS_MOVE = YES;
				CLANG_WARN_UNGUARDED_AVAILABILITY = YES_AGGRESSIVE;
				CLANG_WARN_UNREACHABLE_CODE = YES;
				CLANG_WARN__DUPLICATE_METHOD_MATCH = YES;
				COPY_PHASE_STRIP = NO;
				DEBUG_INFORMATION_FORMAT = "dwarf-with-dsym";
				ENABLE_NS_ASSERTIONS = NO;
				ENABLE_STRICT_OBJC_MSGSEND = YES;
				GCC_C_LANGUAGE_STANDARD = gnu11;
				GCC_NO_COMMON_BLOCKS = YES;
				GCC_WARN_64_TO_32_BIT_CONVERSION = YES;
				GCC_WARN_ABOUT_RETURN_TYPE = YES_ERROR;
				GCC_WARN_UNDECLARED_SELECTOR = YES;
				GCC_WARN_UNINITIALIZED_AUTOS = YES_AGGRESSIVE;
				GCC_WARN_UNUSED_FUNCTION = YES;
				GCC_WARN_UNUSED_VARIABLE = YES;
				IPHONEOS_DEPLOYMENT_TARGET = 16.4;
				MTL_ENABLE_DEBUG_INFO = NO;
				MTL_FAST_MATH = YES;
				SDKROOT = iphoneos;
				SWIFT_COMPILATION_MODE = wholemodule;
				SWIFT_OPTIMIZATION_LEVEL = "-O";
				VALIDATE_PRODUCT = YES;
			};
			name = Release;
		};
		BD6AA9302A5F55E800617938 /* Debug */ = {
			isa = XCBuildConfiguration;
			buildSettings = {
				ASSETCATALOG_COMPILER_APPICON_NAME = AppIcon;
				ASSETCATALOG_COMPILER_GLOBAL_ACCENT_COLOR_NAME = AccentColor;
				CODE_SIGN_STYLE = Automatic;
				CURRENT_PROJECT_VERSION = 1;
				DEVELOPMENT_ASSET_PATHS = "\"Trying Slack/Preview Content\"";
				DEVELOPMENT_TEAM = 5YX49N4RBW;
				ENABLE_PREVIEWS = YES;
				GENERATE_INFOPLIST_FILE = YES;
				INFOPLIST_KEY_UIApplicationSceneManifest_Generation = YES;
				INFOPLIST_KEY_UIApplicationSupportsIndirectInputEvents = YES;
				INFOPLIST_KEY_UILaunchScreen_Generation = YES;
				INFOPLIST_KEY_UISupportedInterfaceOrientations_iPad = "UIInterfaceOrientationPortrait UIInterfaceOrientationPortraitUpsideDown UIInterfaceOrientationLandscapeLeft UIInterfaceOrientationLandscapeRight";
				INFOPLIST_KEY_UISupportedInterfaceOrientations_iPhone = "UIInterfaceOrientationPortrait UIInterfaceOrientationLandscapeLeft UIInterfaceOrientationLandscapeRight";
				LD_RUNPATH_SEARCH_PATHS = (
					"$(inherited)",
					"@executable_path/Frameworks",
				);
				MARKETING_VERSION = 1.0;
				PRODUCT_BUNDLE_IDENTIFIER = "kwk.Trying-Slack";
				PRODUCT_NAME = "$(TARGET_NAME)";
				SWIFT_EMIT_LOC_STRINGS = YES;
				SWIFT_VERSION = 5.0;
				TARGETED_DEVICE_FAMILY = "1,2";
			};
			name = Debug;
		};
		BD6AA9312A5F55E800617938 /* Release */ = {
			isa = XCBuildConfiguration;
			buildSettings = {
				ASSETCATALOG_COMPILER_APPICON_NAME = AppIcon;
				ASSETCATALOG_COMPILER_GLOBAL_ACCENT_COLOR_NAME = AccentColor;
				CODE_SIGN_STYLE = Automatic;
				CURRENT_PROJECT_VERSION = 1;
				DEVELOPMENT_ASSET_PATHS = "\"Trying Slack/Preview Content\"";
				DEVELOPMENT_TEAM = 5YX49N4RBW;
				ENABLE_PREVIEWS = YES;
				GENERATE_INFOPLIST_FILE = YES;
				INFOPLIST_KEY_UIApplicationSceneManifest_Generation = YES;
				INFOPLIST_KEY_UIApplicationSupportsIndirectInputEvents = YES;
				INFOPLIST_KEY_UILaunchScreen_Generation = YES;
				INFOPLIST_KEY_UISupportedInterfaceOrientations_iPad = "UIInterfaceOrientationPortrait UIInterfaceOrientationPortraitUpsideDown UIInterfaceOrientationLandscapeLeft UIInterfaceOrientationLandscapeRight";
				INFOPLIST_KEY_UISupportedInterfaceOrientations_iPhone = "UIInterfaceOrientationPortrait UIInterfaceOrientationLandscapeLeft UIInterfaceOrientationLandscapeRight";
				LD_RUNPATH_SEARCH_PATHS = (
					"$(inherited)",
					"@executable_path/Frameworks",
				);
				MARKETING_VERSION = 1.0;
				PRODUCT_BUNDLE_IDENTIFIER = "kwk.Trying-Slack";
				PRODUCT_NAME = "$(TARGET_NAME)";
				SWIFT_EMIT_LOC_STRINGS = YES;
				SWIFT_VERSION = 5.0;
				TARGETED_DEVICE_FAMILY = "1,2";
			};
			name = Release;
		};
		BD6AA9332A5F55E800617938 /* Debug */ = {
			isa = XCBuildConfiguration;
			buildSettings = {
				ALWAYS_EMBED_SWIFT_STANDARD_LIBRARIES = YES;
				BUNDLE_LOADER = "$(TEST_HOST)";
				CODE_SIGN_STYLE = Automatic;
				CURRENT_PROJECT_VERSION = 1;
				DEVELOPMENT_TEAM = 5YX49N4RBW;
				GENERATE_INFOPLIST_FILE = YES;
				IPHONEOS_DEPLOYMENT_TARGET = 16.4;
				MARKETING_VERSION = 1.0;
				PRODUCT_BUNDLE_IDENTIFIER = "kwk.Trying-SlackTests";
				PRODUCT_NAME = "$(TARGET_NAME)";
				SWIFT_EMIT_LOC_STRINGS = NO;
				SWIFT_VERSION = 5.0;
				TARGETED_DEVICE_FAMILY = "1,2";
				TEST_HOST = "$(BUILT_PRODUCTS_DIR)/Trying Slack.app/$(BUNDLE_EXECUTABLE_FOLDER_PATH)/Trying Slack";
			};
			name = Debug;
		};
		BD6AA9342A5F55E800617938 /* Release */ = {
			isa = XCBuildConfiguration;
			buildSettings = {
				ALWAYS_EMBED_SWIFT_STANDARD_LIBRARIES = YES;
				BUNDLE_LOADER = "$(TEST_HOST)";
				CODE_SIGN_STYLE = Automatic;
				CURRENT_PROJECT_VERSION = 1;
				DEVELOPMENT_TEAM = 5YX49N4RBW;
				GENERATE_INFOPLIST_FILE = YES;
				IPHONEOS_DEPLOYMENT_TARGET = 16.4;
				MARKETING_VERSION = 1.0;
				PRODUCT_BUNDLE_IDENTIFIER = "kwk.Trying-SlackTests";
				PRODUCT_NAME = "$(TARGET_NAME)";
				SWIFT_EMIT_LOC_STRINGS = NO;
				SWIFT_VERSION = 5.0;
				TARGETED_DEVICE_FAMILY = "1,2";
				TEST_HOST = "$(BUILT_PRODUCTS_DIR)/Trying Slack.app/$(BUNDLE_EXECUTABLE_FOLDER_PATH)/Trying Slack";
			};
			name = Release;
		};
		BD6AA9362A5F55E800617938 /* Debug */ = {
			isa = XCBuildConfiguration;
			buildSettings = {
				ALWAYS_EMBED_SWIFT_STANDARD_LIBRARIES = YES;
				CODE_SIGN_STYLE = Automatic;
				CURRENT_PROJECT_VERSION = 1;
				DEVELOPMENT_TEAM = 5YX49N4RBW;
				GENERATE_INFOPLIST_FILE = YES;
				MARKETING_VERSION = 1.0;
				PRODUCT_BUNDLE_IDENTIFIER = "kwk.Trying-SlackUITests";
				PRODUCT_NAME = "$(TARGET_NAME)";
				SWIFT_EMIT_LOC_STRINGS = NO;
				SWIFT_VERSION = 5.0;
				TARGETED_DEVICE_FAMILY = "1,2";
				TEST_TARGET_NAME = "Trying Slack";
			};
			name = Debug;
		};
		BD6AA9372A5F55E800617938 /* Release */ = {
			isa = XCBuildConfiguration;
			buildSettings = {
				ALWAYS_EMBED_SWIFT_STANDARD_LIBRARIES = YES;
				CODE_SIGN_STYLE = Automatic;
				CURRENT_PROJECT_VERSION = 1;
				DEVELOPMENT_TEAM = 5YX49N4RBW;
				GENERATE_INFOPLIST_FILE = YES;
				MARKETING_VERSION = 1.0;
				PRODUCT_BUNDLE_IDENTIFIER = "kwk.Trying-SlackUITests";
				PRODUCT_NAME = "$(TARGET_NAME)";
				SWIFT_EMIT_LOC_STRINGS = NO;
				SWIFT_VERSION = 5.0;
				TARGETED_DEVICE_FAMILY = "1,2";
				TEST_TARGET_NAME = "Trying Slack";
			};
			name = Release;
		};
/* End XCBuildConfiguration section */

/* Begin XCConfigurationList section */
		BD6AA9062A5F55E700617938 /* Build configuration list for PBXProject "Trying Slack" */ = {
			isa = XCConfigurationList;
			buildConfigurations = (
				BD6AA92D2A5F55E800617938 /* Debug */,
				BD6AA92E2A5F55E800617938 /* Release */,
			);
			defaultConfigurationIsVisible = 0;
			defaultConfigurationName = Release;
		};
		BD6AA92F2A5F55E800617938 /* Build configuration list for PBXNativeTarget "Trying Slack" */ = {
			isa = XCConfigurationList;
			buildConfigurations = (
				BD6AA9302A5F55E800617938 /* Debug */,
				BD6AA9312A5F55E800617938 /* Release */,
			);
			defaultConfigurationIsVisible = 0;
			defaultConfigurationName = Release;
		};
		BD6AA9322A5F55E800617938 /* Build configuration list for PBXNativeTarget "Trying SlackTests" */ = {
			isa = XCConfigurationList;
			buildConfigurations = (
				BD6AA9332A5F55E800617938 /* Debug */,
				BD6AA9342A5F55E800617938 /* Release */,
			);
			defaultConfigurationIsVisible = 0;
			defaultConfigurationName = Release;
		};
		BD6AA9352A5F55E800617938 /* Build configuration list for PBXNativeTarget "Trying SlackUITests" */ = {
			isa = XCConfigurationList;
			buildConfigurations = (
				BD6AA9362A5F55E800617938 /* Debug */,
				BD6AA9372A5F55E800617938 /* Release */,
			);
			defaultConfigurationIsVisible = 0;
			defaultConfigurationName = Release;
		};
/* End XCConfigurationList section */
	};
	rootObject = BD6AA9032A5F55E700617938 /* Project object */;
}
